Microsoft Visual Studio Solution File, Format Version 12.00
# Visual Studio 2012
Project("{FAE04EC0-301F-11D3-BF4B-00C04F79EFBC}") = "DodgeTheCreeps", "DodgeTheCreeps.csproj", "{AE5E04F0-9BBE-4A45-B14F-09B9018AE5CB}"
EndProject
Global
	GlobalSection(SolutionConfigurationPlatforms) = preSolution
	Debug|Any CPU = Debug|Any CPU
	ExportDebug|Any CPU = ExportDebug|Any CPU
	ExportRelease|Any CPU = ExportRelease|Any CPU
	EndGlobalSection
	GlobalSection(ProjectConfigurationPlatforms) = postSolution
		{AE5E04F0-9BBE-4A45-B14F-09B9018AE5CB}.Debug|Any CPU.ActiveCfg = Debug|Any CPU
		{AE5E04F0-9BBE-4A45-B14F-09B9018AE5CB}.Debug|Any CPU.Build.0 = Debug|Any CPU
		{AE5E04F0-9BBE-4A45-B14F-09B9018AE5CB}.ExportDebug|Any CPU.ActiveCfg = ExportDebug|Any CPU
		{AE5E04F0-9BBE-4A45-B14F-09B9018AE5CB}.ExportDebug|Any CPU.Build.0 = ExportDebug|Any CPU
		{AE5E04F0-9BBE-4A45-B14F-09B9018AE5CB}.ExportRelease|Any CPU.ActiveCfg = ExportRelease|Any CPU
		{AE5E04F0-9BBE-4A45-B14F-09B9018AE5CB}.ExportRelease|Any CPU.Build.0 = ExportRelease|Any CPU
	EndGlobalSection
EndGlobal
